
Microsoft Visual Studio Solution File, Format Version 12.00
# Visual Studio 15
VisualStudioVersion = 15.0.27703.2000
MinimumVisualStudioVersion = 10.0.40219.1
Project("{9A19103F-16F7-4668-BE54-9A1E7A4F7556}") = "DataContext", "DataContext\DataContext.csproj", "{A7A3AAC3-3032-40FF-B1CB-3F0187B7E95A}"
EndProject
Project("{FAE04EC0-301F-11D3-BF4B-00C04F79EFBC}") = "DataContextTest", "DataContextTest\DataContextTest.csproj", "{51B84106-5A9A-4859-8B84-7F22CAEA068A}"
EndProject
Global
	GlobalSection(SolutionConfigurationPlatforms) = preSolution
		Debug|Any CPU = Debug|Any CPU
		Release|Any CPU = Release|Any CPU
	EndGlobalSection
	GlobalSection(ProjectConfigurationPlatforms) = postSolution
		{A7A3AAC3-3032-40FF-B1CB-3F0187B7E95A}.Debug|Any CPU.ActiveCfg = Debug|Any CPU
		{A7A3AAC3-3032-40FF-B1CB-3F0187B7E95A}.Debug|Any CPU.Build.0 = Debug|Any CPU
		{A7A3AAC3-3032-40FF-B1CB-3F0187B7E95A}.Release|Any CPU.ActiveCfg = Release|Any CPU
		{A7A3AAC3-3032-40FF-B1CB-3F0187B7E95A}.Release|Any CPU.Build.0 = Release|Any CPU
		{51B84106-5A9A-4859-8B84-7F22CAEA068A}.Debug|Any CPU.ActiveCfg = Debug|Any CPU
		{51B84106-5A9A-4859-8B84-7F22CAEA068A}.Debug|Any CPU.Build.0 = Debug|Any CPU
		{51B84106-5A9A-4859-8B84-7F22CAEA068A}.Release|Any CPU.ActiveCfg = Release|Any CPU
		{51B84106-5A9A-4859-8B84-7F22CAEA068A}.Release|Any CPU.Build.0 = Release|Any CPU
	EndGlobalSection
	GlobalSection(SolutionProperties) = preSolution
		HideSolutionNode = FALSE
	EndGlobalSection
	GlobalSection(ExtensibilityGlobals) = postSolution
		SolutionGuid = {4A4A57B5-3034-42B0-9AAB-54143DF8777E}
	EndGlobalSection
EndGlobal
